
Microsoft Visual Studio Solution File, Format Version 12.00
# Visual Studio 15
VisualStudioVersion = 15.0.28307.757
MinimumVisualStudioVersion = 10.0.40219.1
Project("{FAE04EC0-301F-11D3-BF4B-00C04F79EFBC}") = "WebJoKenApi", "WebJoKenApi\WebJoKenApi.csproj", "{5F4BA728-0056-450E-976B-1199727AF586}"
EndProject
Global
	GlobalSection(SolutionConfigurationPlatforms) = preSolution
		Debug|Any CPU = Debug|Any CPU
		Release|Any CPU = Release|Any CPU
	EndGlobalSection
	GlobalSection(ProjectConfigurationPlatforms) = postSolution
		{5F4BA728-0056-450E-976B-1199727AF586}.Debug|Any CPU.ActiveCfg = Debug|Any CPU
		{5F4BA728-0056-450E-976B-1199727AF586}.Debug|Any CPU.Build.0 = Debug|Any CPU
		{5F4BA728-0056-450E-976B-1199727AF586}.Release|Any CPU.ActiveCfg = Release|Any CPU
		{5F4BA728-0056-450E-976B-1199727AF586}.Release|Any CPU.Build.0 = Release|Any CPU
	EndGlobalSection
	GlobalSection(SolutionProperties) = preSolution
		HideSolutionNode = FALSE
	EndGlobalSection
	GlobalSection(ExtensibilityGlobals) = postSolution
		SolutionGuid = {D523FD7D-9B1C-4D68-A2FE-1CCEB3C6AF3B}
	EndGlobalSection
EndGlobal
